
Microsoft Visual Studio Solution File, Format Version 12.00
# Visual Studio Version 16
VisualStudioVersion = 16.0.32802.440
MinimumVisualStudioVersion = 10.0.40219.1
Project("{8BC9CEB8-8B4A-11D0-8D11-00A0C91BC942}") = "Chap.5", "Project1\Project1.vcxproj", "{2ED71DFD-D549-40C5-813E-626F851815AF}"
EndProject
Project("{8BC9CEB8-8B4A-11D0-8D11-00A0C91BC942}") = "Chap.6", "Chap.6\Chap.6.vcxproj", "{55722E3B-0147-4260-8FA9-D948DD2D79F6}"
EndProject
Project("{8BC9CEB8-8B4A-11D0-8D11-00A0C91BC942}") = "Chap.7", "Chap.7\Chap.7.vcxproj", "{0EAEC90D-5092-426B-981E-D313ABEF6CCC}"
EndProject
Project("{8BC9CEB8-8B4A-11D0-8D11-00A0C91BC942}") = "Chap.8", "Chap.8\Chap.8.vcxproj", "{609BFECE-DF3C-4F4D-AF33-683425EBF734}"
EndProject
Project("{8BC9CEB8-8B4A-11D0-8D11-00A0C91BC942}") = "Chap.9", "Chap.9\Chap.9.vcxproj", "{5F2955E0-AAE6-4500-9FE4-81FA96670626}"
EndProject
Global
	GlobalSection(SolutionConfigurationPlatforms) = preSolution
		Debug|x64 = Debug|x64
		Debug|x86 = Debug|x86
		Release|x64 = Release|x64
		Release|x86 = Release|x86
	EndGlobalSection
	GlobalSection(ProjectConfigurationPlatforms) = postSolution
		{2ED71DFD-D549-40C5-813E-626F851815AF}.Debug|x64.ActiveCfg = Debug|x64
		{2ED71DFD-D549-40C5-813E-626F851815AF}.Debug|x64.Build.0 = Debug|x64
		{2ED71DFD-D549-40C5-813E-626F851815AF}.Debug|x86.ActiveCfg = Debug|Win32
		{2ED71DFD-D549-40C5-813E-626F851815AF}.Debug|x86.Build.0 = Debug|Win32
		{2ED71DFD-D549-40C5-813E-626F851815AF}.Release|x64.ActiveCfg = Release|x64
		{2ED71DFD-D549-40C5-813E-626F851815AF}.Release|x64.Build.0 = Release|x64
		{2ED71DFD-D549-40C5-813E-626F851815AF}.Release|x86.ActiveCfg = Release|Win32
		{2ED71DFD-D549-40C5-813E-626F851815AF}.Release|x86.Build.0 = Release|Win32
		{55722E3B-0147-4260-8FA9-D948DD2D79F6}.Debug|x64.ActiveCfg = Debug|x64
		{55722E3B-0147-4260-8FA9-D948DD2D79F6}.Debug|x64.Build.0 = Debug|x64
		{55722E3B-0147-4260-8FA9-D948DD2D79F6}.Debug|x86.ActiveCfg = Debug|Win32
		{55722E3B-0147-4260-8FA9-D948DD2D79F6}.Debug|x86.Build.0 = Debug|Win32
		{55722E3B-0147-4260-8FA9-D948DD2D79F6}.Release|x64.ActiveCfg = Release|x64
		{55722E3B-0147-4260-8FA9-D948DD2D79F6}.Release|x64.Build.0 = Release|x64
		{55722E3B-0147-4260-8FA9-D948DD2D79F6}.Release|x86.ActiveCfg = Release|Win32
		{55722E3B-0147-4260-8FA9-D948DD2D79F6}.Release|x86.Build.0 = Release|Win32
		{0EAEC90D-5092-426B-981E-D313ABEF6CCC}.Debug|x64.ActiveCfg = Debug|x64
		{0EAEC90D-5092-426B-981E-D313ABEF6CCC}.Debug|x64.Build.0 = Debug|x64
		{0EAEC90D-5092-426B-981E-D313ABEF6CCC}.Debug|x86.ActiveCfg = Debug|Win32
		{0EAEC90D-5092-426B-981E-D313ABEF6CCC}.Debug|x86.Build.0 = Debug|Win32
		{0EAEC90D-5092-426B-981E-D313ABEF6CCC}.Release|x64.ActiveCfg = Release|x64
		{0EAEC90D-5092-426B-981E-D313ABEF6CCC}.Release|x64.Build.0 = Release|x64
		{0EAEC90D-5092-426B-981E-D313ABEF6CCC}.Release|x86.ActiveCfg = Release|Win32
		{0EAEC90D-5092-426B-981E-D313ABEF6CCC}.Release|x86.Build.0 = Release|Win32
		{609BFECE-DF3C-4F4D-AF33-683425EBF734}.Debug|x64.ActiveCfg = Debug|x64
		{609BFECE-DF3C-4F4D-AF33-683425EBF734}.Debug|x64.Build.0 = Debug|x64
		{609BFECE-DF3C-4F4D-AF33-683425EBF734}.Debug|x86.ActiveCfg = Debug|Win32
		{609BFECE-DF3C-4F4D-AF33-683425EBF734}.Debug|x86.Build.0 = Debug|Win32
		{609BFECE-DF3C-4F4D-AF33-683425EBF734}.Release|x64.ActiveCfg = Release|x64
		{609BFECE-DF3C-4F4D-AF33-683425EBF734}.Release|x64.Build.0 = Release|x64
		{609BFECE-DF3C-4F4D-AF33-683425EBF734}.Release|x86.ActiveCfg = Release|Win32
		{609BFECE-DF3C-4F4D-AF33-683425EBF734}.Release|x86.Build.0 = Release|Win32
		{5F2955E0-AAE6-4500-9FE4-81FA96670626}.Debug|x64.ActiveCfg = Debug|x64
		{5F2955E0-AAE6-4500-9FE4-81FA96670626}.Debug|x64.Build.0 = Debug|x64
		{5F2955E0-AAE6-4500-9FE4-81FA96670626}.Debug|x86.ActiveCfg = Debug|Win32
		{5F2955E0-AAE6-4500-9FE4-81FA96670626}.Debug|x86.Build.0 = Debug|Win32
		{5F2955E0-AAE6-4500-9FE4-81FA96670626}.Release|x64.ActiveCfg = Release|x64
		{5F2955E0-AAE6-4500-9FE4-81FA96670626}.Release|x64.Build.0 = Release|x64
		{5F2955E0-AAE6-4500-9FE4-81FA96670626}.Release|x86.ActiveCfg = Release|Win32
		{5F2955E0-AAE6-4500-9FE4-81FA96670626}.Release|x86.Build.0 = Release|Win32
	EndGlobalSection
	GlobalSection(SolutionProperties) = preSolution
		HideSolutionNode = FALSE
	EndGlobalSection
	GlobalSection(ExtensibilityGlobals) = postSolution
		SolutionGuid = {B3EE0B05-F126-488F-BDB7-4C0B8FE252D0}
	EndGlobalSection
EndGlobal
